
Microsoft Visual Studio Solution File, Format Version 12.00
# Visual Studio Version 17
VisualStudioVersion = 17.3.32929.385
MinimumVisualStudioVersion = 10.0.40219.1
Project("{FAE04EC0-301F-11D3-BF4B-00C04F79EFBC}") = "EjemploAvion", "EjemploAvion\EjemploAvion.csproj", "{7D706099-9919-46A4-AD68-CC0ABEB5EEF4}"
EndProject
Global
	GlobalSection(SolutionConfigurationPlatforms) = preSolution
		Debug|Any CPU = Debug|Any CPU
		Release|Any CPU = Release|Any CPU
	EndGlobalSection
	GlobalSection(ProjectConfigurationPlatforms) = postSolution
		{7D706099-9919-46A4-AD68-CC0ABEB5EEF4}.Debug|Any CPU.ActiveCfg = Debug|Any CPU
		{7D706099-9919-46A4-AD68-CC0ABEB5EEF4}.Debug|Any CPU.Build.0 = Debug|Any CPU
		{7D706099-9919-46A4-AD68-CC0ABEB5EEF4}.Release|Any CPU.ActiveCfg = Release|Any CPU
		{7D706099-9919-46A4-AD68-CC0ABEB5EEF4}.Release|Any CPU.Build.0 = Release|Any CPU
	EndGlobalSection
	GlobalSection(SolutionProperties) = preSolution
		HideSolutionNode = FALSE
	EndGlobalSection
	GlobalSection(ExtensibilityGlobals) = postSolution
		SolutionGuid = {FCF4CC21-3D18-46C5-8063-0BBFC455FF62}
	EndGlobalSection
EndGlobal
